
Microsoft Visual Studio Solution File, Format Version 12.00
# Visual Studio Version 16
VisualStudioVersion = 16.0.31515.178
MinimumVisualStudioVersion = 10.0.40219.1
Project("{9A19103F-16F7-4668-BE54-9A1E7A4F7556}") = "SwinAdventure", "SwinAdventure.csproj", "{F4386D6D-995D-4D40-AF31-EEA0FEAB159C}"
EndProject
Global
	GlobalSection(SolutionConfigurationPlatforms) = preSolution
		Debug|Any CPU = Debug|Any CPU
		Release|Any CPU = Release|Any CPU
	EndGlobalSection
	GlobalSection(ProjectConfigurationPlatforms) = postSolution
		{F4386D6D-995D-4D40-AF31-EEA0FEAB159C}.Debug|Any CPU.ActiveCfg = Debug|Any CPU
		{F4386D6D-995D-4D40-AF31-EEA0FEAB159C}.Debug|Any CPU.Build.0 = Debug|Any CPU
		{F4386D6D-995D-4D40-AF31-EEA0FEAB159C}.Release|Any CPU.ActiveCfg = Release|Any CPU
		{F4386D6D-995D-4D40-AF31-EEA0FEAB159C}.Release|Any CPU.Build.0 = Release|Any CPU
	EndGlobalSection
	GlobalSection(SolutionProperties) = preSolution
		HideSolutionNode = FALSE
	EndGlobalSection
	GlobalSection(ExtensibilityGlobals) = postSolution
		SolutionGuid = {95503184-F986-4A3F-B033-47D74F19AE55}
	EndGlobalSection
EndGlobal
